
Microsoft Visual Studio Solution File, Format Version 12.00
# Visual Studio Version 17
VisualStudioVersion = 17.3.32901.215
MinimumVisualStudioVersion = 10.0.40219.1
Project("{FAE04EC0-301F-11D3-BF4B-00C04F79EFBC}") = "DESIGNER", "DESIGNER\DESIGNER.csproj", "{2B3B997A-A75B-47FB-860E-4CA53C2DE213}"
EndProject
Project("{FAE04EC0-301F-11D3-BF4B-00C04F79EFBC}") = "BOL", "BOL\BOL.csproj", "{2005D32B-4846-475D-A25D-BB7E2649E53C}"
EndProject
Project("{FAE04EC0-301F-11D3-BF4B-00C04F79EFBC}") = "DAL", "DAL\DAL.csproj", "{05F3F872-4C12-4B40-BEA3-F8076489354B}"
EndProject
Project("{FAE04EC0-301F-11D3-BF4B-00C04F79EFBC}") = "ENTITIES", "ENTITIES\ENTITIES.csproj", "{63EB0175-4DA7-400E-AC6A-5DDF510634FD}"
EndProject
Global
	GlobalSection(SolutionConfigurationPlatforms) = preSolution
		Debug|Any CPU = Debug|Any CPU
		Release|Any CPU = Release|Any CPU
	EndGlobalSection
	GlobalSection(ProjectConfigurationPlatforms) = postSolution
		{2B3B997A-A75B-47FB-860E-4CA53C2DE213}.Debug|Any CPU.ActiveCfg = Debug|Any CPU
		{2B3B997A-A75B-47FB-860E-4CA53C2DE213}.Debug|Any CPU.Build.0 = Debug|Any CPU
		{2B3B997A-A75B-47FB-860E-4CA53C2DE213}.Release|Any CPU.ActiveCfg = Release|Any CPU
		{2B3B997A-A75B-47FB-860E-4CA53C2DE213}.Release|Any CPU.Build.0 = Release|Any CPU
		{2005D32B-4846-475D-A25D-BB7E2649E53C}.Debug|Any CPU.ActiveCfg = Debug|Any CPU
		{2005D32B-4846-475D-A25D-BB7E2649E53C}.Debug|Any CPU.Build.0 = Debug|Any CPU
		{2005D32B-4846-475D-A25D-BB7E2649E53C}.Release|Any CPU.ActiveCfg = Release|Any CPU
		{2005D32B-4846-475D-A25D-BB7E2649E53C}.Release|Any CPU.Build.0 = Release|Any CPU
		{05F3F872-4C12-4B40-BEA3-F8076489354B}.Debug|Any CPU.ActiveCfg = Debug|Any CPU
		{05F3F872-4C12-4B40-BEA3-F8076489354B}.Debug|Any CPU.Build.0 = Debug|Any CPU
		{05F3F872-4C12-4B40-BEA3-F8076489354B}.Release|Any CPU.ActiveCfg = Release|Any CPU
		{05F3F872-4C12-4B40-BEA3-F8076489354B}.Release|Any CPU.Build.0 = Release|Any CPU
		{63EB0175-4DA7-400E-AC6A-5DDF510634FD}.Debug|Any CPU.ActiveCfg = Debug|Any CPU
		{63EB0175-4DA7-400E-AC6A-5DDF510634FD}.Debug|Any CPU.Build.0 = Debug|Any CPU
		{63EB0175-4DA7-400E-AC6A-5DDF510634FD}.Release|Any CPU.ActiveCfg = Release|Any CPU
		{63EB0175-4DA7-400E-AC6A-5DDF510634FD}.Release|Any CPU.Build.0 = Release|Any CPU
	EndGlobalSection
	GlobalSection(SolutionProperties) = preSolution
		HideSolutionNode = FALSE
	EndGlobalSection
	GlobalSection(ExtensibilityGlobals) = postSolution
		SolutionGuid = {42F6765E-5AE4-4117-A390-BAE5F80CA578}
	EndGlobalSection
EndGlobal
